
Microsoft Visual Studio Solution File, Format Version 12.00
# Visual Studio Version 16
VisualStudioVersion = 16.0.29409.12
MinimumVisualStudioVersion = 10.0.40219.1
Project("{FAE04EC0-301F-11D3-BF4B-00C04F79EFBC}") = "CharstAndroid", "CharstAndroid.csproj", "{8703CBE6-9F12-465A-BFA2-32B616736D59}"
EndProject
Global
	GlobalSection(SolutionConfigurationPlatforms) = preSolution
		Debug|Any CPU = Debug|Any CPU
		Release|Any CPU = Release|Any CPU
	EndGlobalSection
	GlobalSection(ProjectConfigurationPlatforms) = postSolution
		{8703CBE6-9F12-465A-BFA2-32B616736D59}.Debug|Any CPU.ActiveCfg = Debug|Any CPU
		{8703CBE6-9F12-465A-BFA2-32B616736D59}.Debug|Any CPU.Build.0 = Debug|Any CPU
		{8703CBE6-9F12-465A-BFA2-32B616736D59}.Debug|Any CPU.Deploy.0 = Debug|Any CPU
		{8703CBE6-9F12-465A-BFA2-32B616736D59}.Release|Any CPU.ActiveCfg = Release|Any CPU
		{8703CBE6-9F12-465A-BFA2-32B616736D59}.Release|Any CPU.Build.0 = Release|Any CPU
		{8703CBE6-9F12-465A-BFA2-32B616736D59}.Release|Any CPU.Deploy.0 = Release|Any CPU
	EndGlobalSection
	GlobalSection(SolutionProperties) = preSolution
		HideSolutionNode = FALSE
	EndGlobalSection
	GlobalSection(ExtensibilityGlobals) = postSolution
		SolutionGuid = {F38AFD65-F008-4EDC-B4EC-C3177BAD4972}
	EndGlobalSection
EndGlobal
